
Microsoft Visual Studio Solution File, Format Version 12.00
# Visual Studio Version 16
VisualStudioVersion = 16.0.30611.23
MinimumVisualStudioVersion = 10.0.40219.1
Project("{FAE04EC0-301F-11D3-BF4B-00C04F79EFBC}") = "AltinToplamaOyunu", "AltinToplamaOyunu\AltinToplamaOyunu.csproj", "{2A63E9F9-4490-4E77-8247-2E8F6FF0F66D}"
EndProject
Global
	GlobalSection(SolutionConfigurationPlatforms) = preSolution
		Debug|Any CPU = Debug|Any CPU
		Release|Any CPU = Release|Any CPU
	EndGlobalSection
	GlobalSection(ProjectConfigurationPlatforms) = postSolution
		{2A63E9F9-4490-4E77-8247-2E8F6FF0F66D}.Debug|Any CPU.ActiveCfg = Debug|Any CPU
		{2A63E9F9-4490-4E77-8247-2E8F6FF0F66D}.Debug|Any CPU.Build.0 = Debug|Any CPU
		{2A63E9F9-4490-4E77-8247-2E8F6FF0F66D}.Release|Any CPU.ActiveCfg = Release|Any CPU
		{2A63E9F9-4490-4E77-8247-2E8F6FF0F66D}.Release|Any CPU.Build.0 = Release|Any CPU
	EndGlobalSection
	GlobalSection(SolutionProperties) = preSolution
		HideSolutionNode = FALSE
	EndGlobalSection
	GlobalSection(ExtensibilityGlobals) = postSolution
		SolutionGuid = {47E6D18B-A44C-4C12-98D1-E6AD1185D99A}
	EndGlobalSection
EndGlobal
